
Microsoft Visual Studio Solution File, Format Version 12.00
# Visual Studio 15
Project("{FAE04EC0-301F-11D3-BF4B-00C04F79EFBC}") = "Assembly-CSharp", "Assembly-CSharp.csproj", "{99B068A8-AC36-69DA-9899-61963C13447E}"
EndProject
Global
	GlobalSection(SolutionConfigurationPlatforms) = preSolution
		Debug|Any CPU = Debug|Any CPU
		Release|Any CPU = Release|Any CPU
	EndGlobalSection
	GlobalSection(ProjectConfigurationPlatforms) = postSolution
		{99B068A8-AC36-69DA-9899-61963C13447E}.Debug|Any CPU.ActiveCfg = Debug|Any CPU
		{99B068A8-AC36-69DA-9899-61963C13447E}.Debug|Any CPU.Build.0 = Debug|Any CPU
		{99B068A8-AC36-69DA-9899-61963C13447E}.Release|Any CPU.ActiveCfg = Release|Any CPU
		{99B068A8-AC36-69DA-9899-61963C13447E}.Release|Any CPU.Build.0 = Release|Any CPU
	EndGlobalSection
	GlobalSection(SolutionProperties) = preSolution
		HideSolutionNode = FALSE
	EndGlobalSection
EndGlobal
